{
  "name": "acumeal",
  "version": "1.0.0",
  "lockfileVersion": 1,
  "requires": true,
  "dependencies": {
    "alleyway": {
      "version": "0.0.7",
      "resolved": "https://registry.npmjs.org/alleyway/-/alleyway-0.0.7.tgz",
      "integrity": "sha1-ToraITET5aSi0WQdfGDrAHzSkm8=",
      "requires": {
        "expressioner": "*"
      }
    },
    "chainstyle": {
      "version": "0.0.2",
      "resolved": "https://registry.npmjs.org/chainstyle/-/chainstyle-0.0.2.tgz",
      "integrity": "sha1-FW2jHwNPnYxyldawPwbVMLZTB/k=",
      "requires": {
        "typevalidator": "*"
      }
    },
    "decision": {
      "version": "0.0.2",
      "resolved": "https://registry.npmjs.org/decision/-/decision-0.0.2.tgz",
      "integrity": "sha1-bR/0HfxURwSsIr19et7/GdAEJC4=",
      "requires": {
        "alleyway": "*",
        "chainstyle": "*",
        "marmoset": "*"
      }
    },
    "decision-tree": {
      "version": "0.3.1",
      "resolved": "https://registry.npmjs.org/decision-tree/-/decision-tree-0.3.1.tgz",
      "integrity": "sha1-8yRqcQICcCZTOJyie6htr1pugZ0=",
      "requires": {
        "lodash": "^2.4.1"
      }
    },
    "expressioner": {
      "version": "0.0.1",
      "resolved": "https://registry.npmjs.org/expressioner/-/expressioner-0.0.1.tgz",
      "integrity": "sha1-dKHyEa6+3EJL3+7npEE9RCEM7GU="
    },
    "forwardline": {
      "version": "0.0.8",
      "resolved": "https://registry.npmjs.org/forwardline/-/forwardline-0.0.8.tgz",
      "integrity": "sha1-Rt4uOqR8eq8F5bV23NzLzL8P/Dk=",
      "requires": {
        "typevalidator": "*"
      }
    },
    "lodash": {
      "version": "2.4.2",
      "resolved": "https://registry.npmjs.org/lodash/-/lodash-2.4.2.tgz",
      "integrity": "sha1-+t2DS5aDBz2hebPq5tnA0VBT9z4="
    },
    "logicer": {
      "version": "0.0.4",
      "resolved": "https://registry.npmjs.org/logicer/-/logicer-0.0.4.tgz",
      "integrity": "sha1-ABZ7P2PRDGnLgVRc3xOXsHMhSeg=",
      "requires": {
        "expressioner": "*"
      }
    },
    "marmoset": {
      "version": "0.0.10",
      "resolved": "https://registry.npmjs.org/marmoset/-/marmoset-0.0.10.tgz",
      "integrity": "sha1-nKHxdtYZ55S+DekusoVeMtyCLV4=",
      "requires": {
        "chainstyle": "*",
        "forwardline": "*",
        "typevalidator": "*"
      }
    },
    "tree": {
      "version": "0.1.3",
      "resolved": "https://registry.npmjs.org/tree/-/tree-0.1.3.tgz",
      "integrity": "sha1-FPulc9eFMAnEzO9E90CfrHFik48=",
      "requires": {
        "underscore": "^1.9.1"
      }
    },
    "typevalidator": {
      "version": "0.0.1",
      "resolved": "https://registry.npmjs.org/typevalidator/-/typevalidator-0.0.1.tgz",
      "integrity": "sha1-MKuvMj0cfyTz9KH0DoiOWqUPHc8=",
      "requires": {
        "logicer": "*"
      }
    },
    "underscore": {
      "version": "1.9.1",
      "resolved": "https://registry.npmjs.org/underscore/-/underscore-1.9.1.tgz",
      "integrity": "sha512-5/4etnCkd9c8gwgowi5/om/mYO5ajCaOgdzj/oW+0eQV9WxKBDZw5+ycmKmeaTXjInS/W0BzpGLo2xR2aBwZdg=="
    }
  }
}
